
Microsoft Visual Studio Solution File, Format Version 12.00
# Visual Studio Version 16
VisualStudioVersion = 16.0.31613.86
MinimumVisualStudioVersion = 10.0.40219.1
Project("{FAE04EC0-301F-11D3-BF4B-00C04F79EFBC}") = "Abstract Classes", "Abstract Classes\Abstract Classes.csproj", "{934DCEC4-7830-449B-8299-480D61EA640A}"
EndProject
Global
	GlobalSection(SolutionConfigurationPlatforms) = preSolution
		Debug|Any CPU = Debug|Any CPU
		Release|Any CPU = Release|Any CPU
	EndGlobalSection
	GlobalSection(ProjectConfigurationPlatforms) = postSolution
		{934DCEC4-7830-449B-8299-480D61EA640A}.Debug|Any CPU.ActiveCfg = Debug|Any CPU
		{934DCEC4-7830-449B-8299-480D61EA640A}.Debug|Any CPU.Build.0 = Debug|Any CPU
		{934DCEC4-7830-449B-8299-480D61EA640A}.Release|Any CPU.ActiveCfg = Release|Any CPU
		{934DCEC4-7830-449B-8299-480D61EA640A}.Release|Any CPU.Build.0 = Release|Any CPU
	EndGlobalSection
	GlobalSection(SolutionProperties) = preSolution
		HideSolutionNode = FALSE
	EndGlobalSection
	GlobalSection(ExtensibilityGlobals) = postSolution
		SolutionGuid = {3F6FB97E-FEB2-40A9-AFA3-C574FB9D0199}
	EndGlobalSection
EndGlobal
